
Microsoft Visual Studio Solution File, Format Version 12.00
# Visual Studio Version 17
VisualStudioVersion = 17.6.33815.320
MinimumVisualStudioVersion = 10.0.40219.1
Project("{FAE04EC0-301F-11D3-BF4B-00C04F79EFBC}") = "MeisterLuisLB_295_TODO", "MeisterLuisLB_295_TODO\MeisterLuisLB_295_TODO.csproj", "{0C358EB4-7032-4960-967F-287B0F8E3FB6}"
EndProject
Global
	GlobalSection(SolutionConfigurationPlatforms) = preSolution
		Debug|Any CPU = Debug|Any CPU
		Release|Any CPU = Release|Any CPU
	EndGlobalSection
	GlobalSection(ProjectConfigurationPlatforms) = postSolution
		{0C358EB4-7032-4960-967F-287B0F8E3FB6}.Debug|Any CPU.ActiveCfg = Debug|Any CPU
		{0C358EB4-7032-4960-967F-287B0F8E3FB6}.Debug|Any CPU.Build.0 = Debug|Any CPU
		{0C358EB4-7032-4960-967F-287B0F8E3FB6}.Release|Any CPU.ActiveCfg = Release|Any CPU
		{0C358EB4-7032-4960-967F-287B0F8E3FB6}.Release|Any CPU.Build.0 = Release|Any CPU
	EndGlobalSection
	GlobalSection(SolutionProperties) = preSolution
		HideSolutionNode = FALSE
	EndGlobalSection
	GlobalSection(ExtensibilityGlobals) = postSolution
		SolutionGuid = {FC832A72-BA0C-467A-B5DD-BCEDF934C53B}
	EndGlobalSection
EndGlobal
